
Microsoft Visual Studio Solution File, Format Version 12.00
# Visual Studio 14
VisualStudioVersion = 14.0.25420.1
MinimumVisualStudioVersion = 10.0.40219.1
Project("{FAE04EC0-301F-11D3-BF4B-00C04F79EFBC}") = "01. Day of Week", "01. Day of Week\01. Day of Week.csproj", "{F68BBA3D-EB28-419E-81D8-0193225EE632}"
EndProject
Project("{FAE04EC0-301F-11D3-BF4B-00C04F79EFBC}") = "02. Randomize Words", "02. Randomize Words\02. Randomize Words.csproj", "{06EEAD3C-3C0D-43E9-81A8-28903C12CD9E}"
EndProject
Project("{FAE04EC0-301F-11D3-BF4B-00C04F79EFBC}") = "03. Big Factorial", "03. Big Factorial\03. Big Factorial.csproj", "{A38F3A69-A4D4-4E8C-BC13-772D172B15F6}"
EndProject
Project("{FAE04EC0-301F-11D3-BF4B-00C04F79EFBC}") = "04. Distance between Points", "04. Distance between Points\04. Distance between Points.csproj", "{1CBFFAA3-7342-4337-89F3-A5B4C1985868}"
EndProject
Project("{FAE04EC0-301F-11D3-BF4B-00C04F79EFBC}") = "06. Rectangle Position", "06. Rectangle Position\06. Rectangle Position.csproj", "{A76402B2-CFF4-48FC-AFBA-35DDD79BA741}"
EndProject
Global
	GlobalSection(SolutionConfigurationPlatforms) = preSolution
		Debug|Any CPU = Debug|Any CPU
		Release|Any CPU = Release|Any CPU
	EndGlobalSection
	GlobalSection(ProjectConfigurationPlatforms) = postSolution
		{F68BBA3D-EB28-419E-81D8-0193225EE632}.Debug|Any CPU.ActiveCfg = Debug|Any CPU
		{F68BBA3D-EB28-419E-81D8-0193225EE632}.Debug|Any CPU.Build.0 = Debug|Any CPU
		{F68BBA3D-EB28-419E-81D8-0193225EE632}.Release|Any CPU.ActiveCfg = Release|Any CPU
		{F68BBA3D-EB28-419E-81D8-0193225EE632}.Release|Any CPU.Build.0 = Release|Any CPU
		{06EEAD3C-3C0D-43E9-81A8-28903C12CD9E}.Debug|Any CPU.ActiveCfg = Debug|Any CPU
		{06EEAD3C-3C0D-43E9-81A8-28903C12CD9E}.Debug|Any CPU.Build.0 = Debug|Any CPU
		{06EEAD3C-3C0D-43E9-81A8-28903C12CD9E}.Release|Any CPU.ActiveCfg = Release|Any CPU
		{06EEAD3C-3C0D-43E9-81A8-28903C12CD9E}.Release|Any CPU.Build.0 = Release|Any CPU
		{A38F3A69-A4D4-4E8C-BC13-772D172B15F6}.Debug|Any CPU.ActiveCfg = Debug|Any CPU
		{A38F3A69-A4D4-4E8C-BC13-772D172B15F6}.Debug|Any CPU.Build.0 = Debug|Any CPU
		{A38F3A69-A4D4-4E8C-BC13-772D172B15F6}.Release|Any CPU.ActiveCfg = Release|Any CPU
		{A38F3A69-A4D4-4E8C-BC13-772D172B15F6}.Release|Any CPU.Build.0 = Release|Any CPU
		{1CBFFAA3-7342-4337-89F3-A5B4C1985868}.Debug|Any CPU.ActiveCfg = Debug|Any CPU
		{1CBFFAA3-7342-4337-89F3-A5B4C1985868}.Debug|Any CPU.Build.0 = Debug|Any CPU
		{1CBFFAA3-7342-4337-89F3-A5B4C1985868}.Release|Any CPU.ActiveCfg = Release|Any CPU
		{1CBFFAA3-7342-4337-89F3-A5B4C1985868}.Release|Any CPU.Build.0 = Release|Any CPU
		{A76402B2-CFF4-48FC-AFBA-35DDD79BA741}.Debug|Any CPU.ActiveCfg = Debug|Any CPU
		{A76402B2-CFF4-48FC-AFBA-35DDD79BA741}.Debug|Any CPU.Build.0 = Debug|Any CPU
		{A76402B2-CFF4-48FC-AFBA-35DDD79BA741}.Release|Any CPU.ActiveCfg = Release|Any CPU
		{A76402B2-CFF4-48FC-AFBA-35DDD79BA741}.Release|Any CPU.Build.0 = Release|Any CPU
	EndGlobalSection
	GlobalSection(SolutionProperties) = preSolution
		HideSolutionNode = FALSE
	EndGlobalSection
EndGlobal
