
Microsoft Visual Studio Solution File, Format Version 12.00
# Visual Studio 14
VisualStudioVersion = 14.0.25420.1
MinimumVisualStudioVersion = 10.0.40219.1
Project("{FAE04EC0-301F-11D3-BF4B-00C04F79EFBC}") = "01.Count Working Days", "01.Count Working Days\01.Count Working Days.csproj", "{77DBC7BE-354E-42D8-B2A6-0943B4994BD7}"
EndProject
Project("{FAE04EC0-301F-11D3-BF4B-00C04F79EFBC}") = "02.2. Advertisement Message", "02.2. Advertisement Message\02.2. Advertisement Message.csproj", "{79B88DC1-38FE-4B15-8957-D89FA73A82D2}"
EndProject
Project("{FAE04EC0-301F-11D3-BF4B-00C04F79EFBC}") = "03. Circles Intersection", "03. Circles Intersection\03. Circles Intersection.csproj", "{107E54E0-8C76-4C49-9B74-422CA3C45179}"
EndProject
Project("{FAE04EC0-301F-11D3-BF4B-00C04F79EFBC}") = "04. Average Grades", "04. Average Grades\04. Average Grades.csproj", "{A9AC176C-496F-4793-99F5-D3C019D230B1}"
EndProject
Global
	GlobalSection(SolutionConfigurationPlatforms) = preSolution
		Debug|Any CPU = Debug|Any CPU
		Release|Any CPU = Release|Any CPU
	EndGlobalSection
	GlobalSection(ProjectConfigurationPlatforms) = postSolution
		{77DBC7BE-354E-42D8-B2A6-0943B4994BD7}.Debug|Any CPU.ActiveCfg = Debug|Any CPU
		{77DBC7BE-354E-42D8-B2A6-0943B4994BD7}.Debug|Any CPU.Build.0 = Debug|Any CPU
		{77DBC7BE-354E-42D8-B2A6-0943B4994BD7}.Release|Any CPU.ActiveCfg = Release|Any CPU
		{77DBC7BE-354E-42D8-B2A6-0943B4994BD7}.Release|Any CPU.Build.0 = Release|Any CPU
		{79B88DC1-38FE-4B15-8957-D89FA73A82D2}.Debug|Any CPU.ActiveCfg = Debug|Any CPU
		{79B88DC1-38FE-4B15-8957-D89FA73A82D2}.Debug|Any CPU.Build.0 = Debug|Any CPU
		{79B88DC1-38FE-4B15-8957-D89FA73A82D2}.Release|Any CPU.ActiveCfg = Release|Any CPU
		{79B88DC1-38FE-4B15-8957-D89FA73A82D2}.Release|Any CPU.Build.0 = Release|Any CPU
		{107E54E0-8C76-4C49-9B74-422CA3C45179}.Debug|Any CPU.ActiveCfg = Debug|Any CPU
		{107E54E0-8C76-4C49-9B74-422CA3C45179}.Debug|Any CPU.Build.0 = Debug|Any CPU
		{107E54E0-8C76-4C49-9B74-422CA3C45179}.Release|Any CPU.ActiveCfg = Release|Any CPU
		{107E54E0-8C76-4C49-9B74-422CA3C45179}.Release|Any CPU.Build.0 = Release|Any CPU
		{A9AC176C-496F-4793-99F5-D3C019D230B1}.Debug|Any CPU.ActiveCfg = Debug|Any CPU
		{A9AC176C-496F-4793-99F5-D3C019D230B1}.Debug|Any CPU.Build.0 = Debug|Any CPU
		{A9AC176C-496F-4793-99F5-D3C019D230B1}.Release|Any CPU.ActiveCfg = Release|Any CPU
		{A9AC176C-496F-4793-99F5-D3C019D230B1}.Release|Any CPU.Build.0 = Release|Any CPU
	EndGlobalSection
	GlobalSection(SolutionProperties) = preSolution
		HideSolutionNode = FALSE
	EndGlobalSection
EndGlobal
