
Microsoft Visual Studio Solution File, Format Version 12.00
# Visual Studio 14
VisualStudioVersion = 14.0.25420.1
MinimumVisualStudioVersion = 10.0.40219.1
Project("{FAE04EC0-301F-11D3-BF4B-00C04F79EFBC}") = "Odd Lines", "Odd Lines\Odd Lines.csproj", "{76C5EDD2-CFFC-442E-AC1F-5C73D1B242B1}"
EndProject
Project("{FAE04EC0-301F-11D3-BF4B-00C04F79EFBC}") = "Line Numbers", "Line Numbers\Line Numbers.csproj", "{EA7EFB17-75EF-4D32-B275-147647543576}"
EndProject
Project("{FAE04EC0-301F-11D3-BF4B-00C04F79EFBC}") = "Word Count", "Word Count\Word Count.csproj", "{3926FF0C-8903-44F3-9217-FCC95FAC3324}"
EndProject
Project("{FAE04EC0-301F-11D3-BF4B-00C04F79EFBC}") = "Merge Files", "Merge Files\Merge Files.csproj", "{06604341-A955-4126-8CBE-92838954E73E}"
EndProject
Project("{FAE04EC0-301F-11D3-BF4B-00C04F79EFBC}") = "Folder Size", "Folder Size\Folder Size.csproj", "{4FCDB992-1DAF-42D7-B74C-6712E5A2D072}"
EndProject
Project("{FAE04EC0-301F-11D3-BF4B-00C04F79EFBC}") = "Exception", "Exception\Exception.csproj", "{077A70C2-66A7-4424-A6EF-F525AAC1D1A5}"
EndProject
Global
	GlobalSection(SolutionConfigurationPlatforms) = preSolution
		Debug|Any CPU = Debug|Any CPU
		Release|Any CPU = Release|Any CPU
	EndGlobalSection
	GlobalSection(ProjectConfigurationPlatforms) = postSolution
		{76C5EDD2-CFFC-442E-AC1F-5C73D1B242B1}.Debug|Any CPU.ActiveCfg = Debug|Any CPU
		{76C5EDD2-CFFC-442E-AC1F-5C73D1B242B1}.Debug|Any CPU.Build.0 = Debug|Any CPU
		{76C5EDD2-CFFC-442E-AC1F-5C73D1B242B1}.Release|Any CPU.ActiveCfg = Release|Any CPU
		{76C5EDD2-CFFC-442E-AC1F-5C73D1B242B1}.Release|Any CPU.Build.0 = Release|Any CPU
		{EA7EFB17-75EF-4D32-B275-147647543576}.Debug|Any CPU.ActiveCfg = Debug|Any CPU
		{EA7EFB17-75EF-4D32-B275-147647543576}.Debug|Any CPU.Build.0 = Debug|Any CPU
		{EA7EFB17-75EF-4D32-B275-147647543576}.Release|Any CPU.ActiveCfg = Release|Any CPU
		{EA7EFB17-75EF-4D32-B275-147647543576}.Release|Any CPU.Build.0 = Release|Any CPU
		{3926FF0C-8903-44F3-9217-FCC95FAC3324}.Debug|Any CPU.ActiveCfg = Debug|Any CPU
		{3926FF0C-8903-44F3-9217-FCC95FAC3324}.Debug|Any CPU.Build.0 = Debug|Any CPU
		{3926FF0C-8903-44F3-9217-FCC95FAC3324}.Release|Any CPU.ActiveCfg = Release|Any CPU
		{3926FF0C-8903-44F3-9217-FCC95FAC3324}.Release|Any CPU.Build.0 = Release|Any CPU
		{06604341-A955-4126-8CBE-92838954E73E}.Debug|Any CPU.ActiveCfg = Debug|Any CPU
		{06604341-A955-4126-8CBE-92838954E73E}.Debug|Any CPU.Build.0 = Debug|Any CPU
		{06604341-A955-4126-8CBE-92838954E73E}.Release|Any CPU.ActiveCfg = Release|Any CPU
		{06604341-A955-4126-8CBE-92838954E73E}.Release|Any CPU.Build.0 = Release|Any CPU
		{4FCDB992-1DAF-42D7-B74C-6712E5A2D072}.Debug|Any CPU.ActiveCfg = Debug|Any CPU
		{4FCDB992-1DAF-42D7-B74C-6712E5A2D072}.Debug|Any CPU.Build.0 = Debug|Any CPU
		{4FCDB992-1DAF-42D7-B74C-6712E5A2D072}.Release|Any CPU.ActiveCfg = Release|Any CPU
		{4FCDB992-1DAF-42D7-B74C-6712E5A2D072}.Release|Any CPU.Build.0 = Release|Any CPU
		{077A70C2-66A7-4424-A6EF-F525AAC1D1A5}.Debug|Any CPU.ActiveCfg = Debug|Any CPU
		{077A70C2-66A7-4424-A6EF-F525AAC1D1A5}.Debug|Any CPU.Build.0 = Debug|Any CPU
		{077A70C2-66A7-4424-A6EF-F525AAC1D1A5}.Release|Any CPU.ActiveCfg = Release|Any CPU
		{077A70C2-66A7-4424-A6EF-F525AAC1D1A5}.Release|Any CPU.Build.0 = Release|Any CPU
	EndGlobalSection
	GlobalSection(SolutionProperties) = preSolution
		HideSolutionNode = FALSE
	EndGlobalSection
EndGlobal
