
Microsoft Visual Studio Solution File, Format Version 12.00
# Visual Studio 15
VisualStudioVersion = 15.0.27004.2002
MinimumVisualStudioVersion = 10.0.40219.1
Project("{2150E333-8FDC-42A3-9474-1A3956D46DE8}") = "Solution Items", "Solution Items", "{00673DF6-55E9-4DA8-B6F8-768C720AB3CF}"
	ProjectSection(SolutionItems) = preProject
		11.WebServer-StateManagement-Exercise.docx = 11.WebServer-StateManagement-Exercise.docx
	EndProjectSection
EndProject
Project("{9A19103F-16F7-4668-BE54-9A1E7A4F7556}") = "MyWebServer", "MyWebServer\MyWebServer.csproj", "{65F8C83C-6512-4E93-A8AF-5B10B4921701}"
EndProject
Global
	GlobalSection(SolutionConfigurationPlatforms) = preSolution
		Debug|Any CPU = Debug|Any CPU
		Release|Any CPU = Release|Any CPU
	EndGlobalSection
	GlobalSection(ProjectConfigurationPlatforms) = postSolution
		{65F8C83C-6512-4E93-A8AF-5B10B4921701}.Debug|Any CPU.ActiveCfg = Debug|Any CPU
		{65F8C83C-6512-4E93-A8AF-5B10B4921701}.Debug|Any CPU.Build.0 = Debug|Any CPU
		{65F8C83C-6512-4E93-A8AF-5B10B4921701}.Release|Any CPU.ActiveCfg = Release|Any CPU
		{65F8C83C-6512-4E93-A8AF-5B10B4921701}.Release|Any CPU.Build.0 = Release|Any CPU
	EndGlobalSection
	GlobalSection(SolutionProperties) = preSolution
		HideSolutionNode = FALSE
	EndGlobalSection
	GlobalSection(ExtensibilityGlobals) = postSolution
		SolutionGuid = {EDEA44EC-F330-48B0-A2E4-50183C2913B4}
	EndGlobalSection
EndGlobal
