
Microsoft Visual Studio Solution File, Format Version 12.00
# Visual Studio 14
VisualStudioVersion = 14.0.25123.0
MinimumVisualStudioVersion = 10.0.40219.1
Project("{FAE04EC0-301F-11D3-BF4B-00C04F79EFBC}") = "01.Training Lab", "01.Training Lab\01.Training Lab.csproj", "{EF45CD23-ED19-4EA9-8C42-DA46CFF7A547}"
EndProject
Project("{FAE04EC0-301F-11D3-BF4B-00C04F79EFBC}") = "03.On Time for the Exam", "03.On Time for the Exam\03.On Time for the Exam.csproj", "{C2BCFF60-7E87-4972-9922-D1A9FE0E5EEE}"
EndProject
Global
	GlobalSection(SolutionConfigurationPlatforms) = preSolution
		Debug|Any CPU = Debug|Any CPU
		Release|Any CPU = Release|Any CPU
	EndGlobalSection
	GlobalSection(ProjectConfigurationPlatforms) = postSolution
		{EF45CD23-ED19-4EA9-8C42-DA46CFF7A547}.Debug|Any CPU.ActiveCfg = Debug|Any CPU
		{EF45CD23-ED19-4EA9-8C42-DA46CFF7A547}.Debug|Any CPU.Build.0 = Debug|Any CPU
		{EF45CD23-ED19-4EA9-8C42-DA46CFF7A547}.Release|Any CPU.ActiveCfg = Release|Any CPU
		{EF45CD23-ED19-4EA9-8C42-DA46CFF7A547}.Release|Any CPU.Build.0 = Release|Any CPU
		{C2BCFF60-7E87-4972-9922-D1A9FE0E5EEE}.Debug|Any CPU.ActiveCfg = Debug|Any CPU
		{C2BCFF60-7E87-4972-9922-D1A9FE0E5EEE}.Debug|Any CPU.Build.0 = Debug|Any CPU
		{C2BCFF60-7E87-4972-9922-D1A9FE0E5EEE}.Release|Any CPU.ActiveCfg = Release|Any CPU
		{C2BCFF60-7E87-4972-9922-D1A9FE0E5EEE}.Release|Any CPU.Build.0 = Release|Any CPU
	EndGlobalSection
	GlobalSection(SolutionProperties) = preSolution
		HideSolutionNode = FALSE
	EndGlobalSection
EndGlobal
