
Microsoft Visual Studio Solution File, Format Version 12.00
# Visual Studio 14
VisualStudioVersion = 14.0.25420.1
MinimumVisualStudioVersion = 10.0.40219.1
Project("{FAE04EC0-301F-11D3-BF4B-00C04F79EFBC}") = "02. Reverse Array of Integers", "02. Reverse Array of Integers\02. Reverse Array of Integers.csproj", "{C90DEE05-D00A-4A5F-A259-627507E68E14}"
EndProject
Project("{FAE04EC0-301F-11D3-BF4B-00C04F79EFBC}") = "01. Day of Week", "01. Day of Week\01. Day of Week.csproj", "{6F49381E-5434-4DD1-BBEF-7BE91ACC1EE0}"
EndProject
Project("{FAE04EC0-301F-11D3-BF4B-00C04F79EFBC}") = "03. Last K Numbers Sums", "03. Last K Numbers Sums\03. Last K Numbers Sums.csproj", "{8585FB11-E9FC-42BF-B1B0-6B10A7B9F694}"
EndProject
Project("{FAE04EC0-301F-11D3-BF4B-00C04F79EFBC}") = "04. Tripple Sum", "04. Tripple Sum\04. Tripple Sum.csproj", "{5FFC15E5-6A49-4A1A-B296-0EC657E734D5}"
EndProject
Project("{FAE04EC0-301F-11D3-BF4B-00C04F79EFBC}") = "05. Rounding Numbers", "05. Rounding Numbers\05. Rounding Numbers.csproj", "{7833B789-912D-4D7F-8DD9-649DE46310E7}"
EndProject
Project("{FAE04EC0-301F-11D3-BF4B-00C04F79EFBC}") = "06. Reverse Array of Strings", "06. Reverse Array of Strings\06. Reverse Array of Strings.csproj", "{A7FFBD3D-2A48-4FDD-A3CA-F55DCEF7B8B0}"
EndProject
Project("{FAE04EC0-301F-11D3-BF4B-00C04F79EFBC}") = "14. Sort Numbers", "14. Sort Numbers\14. Sort Numbers.csproj", "{F568C26F-49BF-4CC5-8C2C-3B7B356FFD9C}"
EndProject
Project("{FAE04EC0-301F-11D3-BF4B-00C04F79EFBC}") = "15. Square Numbers", "15. Square Numbers\15. Square Numbers.csproj", "{691CFEE0-DA9E-4029-8115-502F9080166C}"
EndProject
Project("{FAE04EC0-301F-11D3-BF4B-00C04F79EFBC}") = "16. Count Numbers", "16. Count Numbers\16. Count Numbers.csproj", "{463A40B8-0FE1-4A57-952A-E1AE56812709}"
EndProject
Global
	GlobalSection(SolutionConfigurationPlatforms) = preSolution
		Debug|Any CPU = Debug|Any CPU
		Release|Any CPU = Release|Any CPU
	EndGlobalSection
	GlobalSection(ProjectConfigurationPlatforms) = postSolution
		{C90DEE05-D00A-4A5F-A259-627507E68E14}.Debug|Any CPU.ActiveCfg = Debug|Any CPU
		{C90DEE05-D00A-4A5F-A259-627507E68E14}.Debug|Any CPU.Build.0 = Debug|Any CPU
		{C90DEE05-D00A-4A5F-A259-627507E68E14}.Release|Any CPU.ActiveCfg = Release|Any CPU
		{C90DEE05-D00A-4A5F-A259-627507E68E14}.Release|Any CPU.Build.0 = Release|Any CPU
		{6F49381E-5434-4DD1-BBEF-7BE91ACC1EE0}.Debug|Any CPU.ActiveCfg = Debug|Any CPU
		{6F49381E-5434-4DD1-BBEF-7BE91ACC1EE0}.Debug|Any CPU.Build.0 = Debug|Any CPU
		{6F49381E-5434-4DD1-BBEF-7BE91ACC1EE0}.Release|Any CPU.ActiveCfg = Release|Any CPU
		{6F49381E-5434-4DD1-BBEF-7BE91ACC1EE0}.Release|Any CPU.Build.0 = Release|Any CPU
		{8585FB11-E9FC-42BF-B1B0-6B10A7B9F694}.Debug|Any CPU.ActiveCfg = Debug|Any CPU
		{8585FB11-E9FC-42BF-B1B0-6B10A7B9F694}.Debug|Any CPU.Build.0 = Debug|Any CPU
		{8585FB11-E9FC-42BF-B1B0-6B10A7B9F694}.Release|Any CPU.ActiveCfg = Release|Any CPU
		{8585FB11-E9FC-42BF-B1B0-6B10A7B9F694}.Release|Any CPU.Build.0 = Release|Any CPU
		{5FFC15E5-6A49-4A1A-B296-0EC657E734D5}.Debug|Any CPU.ActiveCfg = Debug|Any CPU
		{5FFC15E5-6A49-4A1A-B296-0EC657E734D5}.Debug|Any CPU.Build.0 = Debug|Any CPU
		{5FFC15E5-6A49-4A1A-B296-0EC657E734D5}.Release|Any CPU.ActiveCfg = Release|Any CPU
		{5FFC15E5-6A49-4A1A-B296-0EC657E734D5}.Release|Any CPU.Build.0 = Release|Any CPU
		{7833B789-912D-4D7F-8DD9-649DE46310E7}.Debug|Any CPU.ActiveCfg = Debug|Any CPU
		{7833B789-912D-4D7F-8DD9-649DE46310E7}.Debug|Any CPU.Build.0 = Debug|Any CPU
		{7833B789-912D-4D7F-8DD9-649DE46310E7}.Release|Any CPU.ActiveCfg = Release|Any CPU
		{7833B789-912D-4D7F-8DD9-649DE46310E7}.Release|Any CPU.Build.0 = Release|Any CPU
		{A7FFBD3D-2A48-4FDD-A3CA-F55DCEF7B8B0}.Debug|Any CPU.ActiveCfg = Debug|Any CPU
		{A7FFBD3D-2A48-4FDD-A3CA-F55DCEF7B8B0}.Debug|Any CPU.Build.0 = Debug|Any CPU
		{A7FFBD3D-2A48-4FDD-A3CA-F55DCEF7B8B0}.Release|Any CPU.ActiveCfg = Release|Any CPU
		{A7FFBD3D-2A48-4FDD-A3CA-F55DCEF7B8B0}.Release|Any CPU.Build.0 = Release|Any CPU
		{F568C26F-49BF-4CC5-8C2C-3B7B356FFD9C}.Debug|Any CPU.ActiveCfg = Debug|Any CPU
		{F568C26F-49BF-4CC5-8C2C-3B7B356FFD9C}.Debug|Any CPU.Build.0 = Debug|Any CPU
		{F568C26F-49BF-4CC5-8C2C-3B7B356FFD9C}.Release|Any CPU.ActiveCfg = Release|Any CPU
		{F568C26F-49BF-4CC5-8C2C-3B7B356FFD9C}.Release|Any CPU.Build.0 = Release|Any CPU
		{691CFEE0-DA9E-4029-8115-502F9080166C}.Debug|Any CPU.ActiveCfg = Debug|Any CPU
		{691CFEE0-DA9E-4029-8115-502F9080166C}.Debug|Any CPU.Build.0 = Debug|Any CPU
		{691CFEE0-DA9E-4029-8115-502F9080166C}.Release|Any CPU.ActiveCfg = Release|Any CPU
		{691CFEE0-DA9E-4029-8115-502F9080166C}.Release|Any CPU.Build.0 = Release|Any CPU
		{463A40B8-0FE1-4A57-952A-E1AE56812709}.Debug|Any CPU.ActiveCfg = Debug|Any CPU
		{463A40B8-0FE1-4A57-952A-E1AE56812709}.Debug|Any CPU.Build.0 = Debug|Any CPU
		{463A40B8-0FE1-4A57-952A-E1AE56812709}.Release|Any CPU.ActiveCfg = Release|Any CPU
		{463A40B8-0FE1-4A57-952A-E1AE56812709}.Release|Any CPU.Build.0 = Release|Any CPU
	EndGlobalSection
	GlobalSection(SolutionProperties) = preSolution
		HideSolutionNode = FALSE
	EndGlobalSection
EndGlobal
