
Microsoft Visual Studio Solution File, Format Version 12.00
# Visual Studio 14
VisualStudioVersion = 14.0.25420.1
MinimumVisualStudioVersion = 10.0.40219.1
Project("{FAE04EC0-301F-11D3-BF4B-00C04F79EFBC}") = "01. Sweet Dessert", "01. Sweet Dessert\01. Sweet Dessert.csproj", "{06F0EFE9-BDE6-487E-A8DD-CEDFEBF6D440}"
EndProject
Project("{FAE04EC0-301F-11D3-BF4B-00C04F79EFBC}") = "02. Array Manipulator", "02. Array Manipulator\02. Array Manipulator.csproj", "{68500566-0E2F-477D-8E83-2C6C12DA4603}"
EndProject
Project("{FAE04EC0-301F-11D3-BF4B-00C04F79EFBC}") = "03. Football League", "03. Football League\03. Football League.csproj", "{C6B11779-B032-40E3-B3A4-A36BC3146249}"
EndProject
Project("{FAE04EC0-301F-11D3-BF4B-00C04F79EFBC}") = "04. Cubic Messages", "04. Cubic Messages\04. Cubic Messages.csproj", "{A21830E7-0E65-43AB-AEAC-0CDE56756566}"
EndProject
Project("{FAE04EC0-301F-11D3-BF4B-00C04F79EFBC}") = "Demo", "Demo\Demo.csproj", "{75014D74-BC59-4106-A3C9-2F6CAE710E57}"
EndProject
Global
	GlobalSection(SolutionConfigurationPlatforms) = preSolution
		Debug|Any CPU = Debug|Any CPU
		Release|Any CPU = Release|Any CPU
	EndGlobalSection
	GlobalSection(ProjectConfigurationPlatforms) = postSolution
		{06F0EFE9-BDE6-487E-A8DD-CEDFEBF6D440}.Debug|Any CPU.ActiveCfg = Debug|Any CPU
		{06F0EFE9-BDE6-487E-A8DD-CEDFEBF6D440}.Debug|Any CPU.Build.0 = Debug|Any CPU
		{06F0EFE9-BDE6-487E-A8DD-CEDFEBF6D440}.Release|Any CPU.ActiveCfg = Release|Any CPU
		{06F0EFE9-BDE6-487E-A8DD-CEDFEBF6D440}.Release|Any CPU.Build.0 = Release|Any CPU
		{68500566-0E2F-477D-8E83-2C6C12DA4603}.Debug|Any CPU.ActiveCfg = Debug|Any CPU
		{68500566-0E2F-477D-8E83-2C6C12DA4603}.Debug|Any CPU.Build.0 = Debug|Any CPU
		{68500566-0E2F-477D-8E83-2C6C12DA4603}.Release|Any CPU.ActiveCfg = Release|Any CPU
		{68500566-0E2F-477D-8E83-2C6C12DA4603}.Release|Any CPU.Build.0 = Release|Any CPU
		{C6B11779-B032-40E3-B3A4-A36BC3146249}.Debug|Any CPU.ActiveCfg = Debug|Any CPU
		{C6B11779-B032-40E3-B3A4-A36BC3146249}.Debug|Any CPU.Build.0 = Debug|Any CPU
		{C6B11779-B032-40E3-B3A4-A36BC3146249}.Release|Any CPU.ActiveCfg = Release|Any CPU
		{C6B11779-B032-40E3-B3A4-A36BC3146249}.Release|Any CPU.Build.0 = Release|Any CPU
		{A21830E7-0E65-43AB-AEAC-0CDE56756566}.Debug|Any CPU.ActiveCfg = Debug|Any CPU
		{A21830E7-0E65-43AB-AEAC-0CDE56756566}.Debug|Any CPU.Build.0 = Debug|Any CPU
		{A21830E7-0E65-43AB-AEAC-0CDE56756566}.Release|Any CPU.ActiveCfg = Release|Any CPU
		{A21830E7-0E65-43AB-AEAC-0CDE56756566}.Release|Any CPU.Build.0 = Release|Any CPU
		{75014D74-BC59-4106-A3C9-2F6CAE710E57}.Debug|Any CPU.ActiveCfg = Debug|Any CPU
		{75014D74-BC59-4106-A3C9-2F6CAE710E57}.Debug|Any CPU.Build.0 = Debug|Any CPU
		{75014D74-BC59-4106-A3C9-2F6CAE710E57}.Release|Any CPU.ActiveCfg = Release|Any CPU
		{75014D74-BC59-4106-A3C9-2F6CAE710E57}.Release|Any CPU.Build.0 = Release|Any CPU
	EndGlobalSection
	GlobalSection(SolutionProperties) = preSolution
		HideSolutionNode = FALSE
	EndGlobalSection
EndGlobal
