
Microsoft Visual Studio Solution File, Format Version 12.00
# Visual Studio 14
VisualStudioVersion = 14.0.25420.1
MinimumVisualStudioVersion = 10.0.40219.1
Project("{FAE04EC0-301F-11D3-BF4B-00C04F79EFBC}") = "01. Phonebook", "01. Phonebook\01. Phonebook.csproj", "{B54F6F7E-7D18-4FFC-870A-B2DC63047685}"
EndProject
Project("{FAE04EC0-301F-11D3-BF4B-00C04F79EFBC}") = "02. Phonebook Upgrade", "02. Phonebook Upgrade\02. Phonebook Upgrade.csproj", "{E3E1E7C5-7E13-4A57-89C1-833B2F84F258}"
EndProject
Project("{FAE04EC0-301F-11D3-BF4B-00C04F79EFBC}") = "05. Hands of Cards", "05. Hands of Cards\05. Hands of Cards.csproj", "{DAA3F97D-7D2B-44C3-881C-A2F4246DC7EE}"
EndProject
Project("{FAE04EC0-301F-11D3-BF4B-00C04F79EFBC}") = "03. A Miner Task", "03. A Miner Task\03. A Miner Task.csproj", "{CC7E1651-FB01-4E13-85E0-088BD1B37C6B}"
EndProject
Project("{FAE04EC0-301F-11D3-BF4B-00C04F79EFBC}") = "04. Fix Emails", "04. Fix Emails\04. Fix Emails.csproj", "{F15E0C61-46A8-4855-B2C2-2F5A8F3BEE59}"
EndProject
Project("{FAE04EC0-301F-11D3-BF4B-00C04F79EFBC}") = "08. Logs Aggregator", "08. Logs Aggregator\08. Logs Aggregator.csproj", "{D0175E7D-7E91-428F-8A93-5596E5E72323}"
EndProject
Global
	GlobalSection(SolutionConfigurationPlatforms) = preSolution
		Debug|Any CPU = Debug|Any CPU
		Release|Any CPU = Release|Any CPU
	EndGlobalSection
	GlobalSection(ProjectConfigurationPlatforms) = postSolution
		{B54F6F7E-7D18-4FFC-870A-B2DC63047685}.Debug|Any CPU.ActiveCfg = Debug|Any CPU
		{B54F6F7E-7D18-4FFC-870A-B2DC63047685}.Debug|Any CPU.Build.0 = Debug|Any CPU
		{B54F6F7E-7D18-4FFC-870A-B2DC63047685}.Release|Any CPU.ActiveCfg = Release|Any CPU
		{B54F6F7E-7D18-4FFC-870A-B2DC63047685}.Release|Any CPU.Build.0 = Release|Any CPU
		{E3E1E7C5-7E13-4A57-89C1-833B2F84F258}.Debug|Any CPU.ActiveCfg = Debug|Any CPU
		{E3E1E7C5-7E13-4A57-89C1-833B2F84F258}.Debug|Any CPU.Build.0 = Debug|Any CPU
		{E3E1E7C5-7E13-4A57-89C1-833B2F84F258}.Release|Any CPU.ActiveCfg = Release|Any CPU
		{E3E1E7C5-7E13-4A57-89C1-833B2F84F258}.Release|Any CPU.Build.0 = Release|Any CPU
		{DAA3F97D-7D2B-44C3-881C-A2F4246DC7EE}.Debug|Any CPU.ActiveCfg = Debug|Any CPU
		{DAA3F97D-7D2B-44C3-881C-A2F4246DC7EE}.Debug|Any CPU.Build.0 = Debug|Any CPU
		{DAA3F97D-7D2B-44C3-881C-A2F4246DC7EE}.Release|Any CPU.ActiveCfg = Release|Any CPU
		{DAA3F97D-7D2B-44C3-881C-A2F4246DC7EE}.Release|Any CPU.Build.0 = Release|Any CPU
		{CC7E1651-FB01-4E13-85E0-088BD1B37C6B}.Debug|Any CPU.ActiveCfg = Debug|Any CPU
		{CC7E1651-FB01-4E13-85E0-088BD1B37C6B}.Debug|Any CPU.Build.0 = Debug|Any CPU
		{CC7E1651-FB01-4E13-85E0-088BD1B37C6B}.Release|Any CPU.ActiveCfg = Release|Any CPU
		{CC7E1651-FB01-4E13-85E0-088BD1B37C6B}.Release|Any CPU.Build.0 = Release|Any CPU
		{F15E0C61-46A8-4855-B2C2-2F5A8F3BEE59}.Debug|Any CPU.ActiveCfg = Debug|Any CPU
		{F15E0C61-46A8-4855-B2C2-2F5A8F3BEE59}.Debug|Any CPU.Build.0 = Debug|Any CPU
		{F15E0C61-46A8-4855-B2C2-2F5A8F3BEE59}.Release|Any CPU.ActiveCfg = Release|Any CPU
		{F15E0C61-46A8-4855-B2C2-2F5A8F3BEE59}.Release|Any CPU.Build.0 = Release|Any CPU
		{D0175E7D-7E91-428F-8A93-5596E5E72323}.Debug|Any CPU.ActiveCfg = Debug|Any CPU
		{D0175E7D-7E91-428F-8A93-5596E5E72323}.Debug|Any CPU.Build.0 = Debug|Any CPU
		{D0175E7D-7E91-428F-8A93-5596E5E72323}.Release|Any CPU.ActiveCfg = Release|Any CPU
		{D0175E7D-7E91-428F-8A93-5596E5E72323}.Release|Any CPU.Build.0 = Release|Any CPU
	EndGlobalSection
	GlobalSection(SolutionProperties) = preSolution
		HideSolutionNode = FALSE
	EndGlobalSection
EndGlobal
