
Microsoft Visual Studio Solution File, Format Version 12.00
# Visual Studio 14
VisualStudioVersion = 14.0.25420.1
MinimumVisualStudioVersion = 10.0.40219.1
Project("{FAE04EC0-301F-11D3-BF4B-00C04F79EFBC}") = "01. Largest Common End", "01. Largest Common End\01. Largest Common End.csproj", "{744AF0AB-045E-4877-B715-DB0488912B98}"
EndProject
Project("{FAE04EC0-301F-11D3-BF4B-00C04F79EFBC}") = "02. Rotate and Sum", "02. Rotate and Sum\02. Rotate and Sum.csproj", "{ED48DAA1-9BFE-4AD7-BA64-B87C5EC3B7CC}"
EndProject
Project("{FAE04EC0-301F-11D3-BF4B-00C04F79EFBC}") = "03. Fold and Sum", "03. Fold and Sum\03. Fold and Sum.csproj", "{FAC24ADA-2830-4BB0-A48F-D44F8DA838AB}"
EndProject
Project("{FAE04EC0-301F-11D3-BF4B-00C04F79EFBC}") = "04. Sieve of Eratosthenes", "04. Sieve of Eratosthenes\04. Sieve of Eratosthenes.csproj", "{4FDA872F-9F91-42A0-8231-3273101DC607}"
EndProject
Project("{FAE04EC0-301F-11D3-BF4B-00C04F79EFBC}") = "05. Compare Char Arrays", "05. Compare Char Arrays\05. Compare Char Arrays.csproj", "{E9E08BE6-F305-4D42-B7F8-846E5FC849D1}"
EndProject
Project("{FAE04EC0-301F-11D3-BF4B-00C04F79EFBC}") = "11. Equal Sums", "11. Equal Sums\11. Equal Sums.csproj", "{F551F476-392F-4C58-A45A-42B525B9CF3D}"
EndProject
Global
	GlobalSection(SolutionConfigurationPlatforms) = preSolution
		Debug|Any CPU = Debug|Any CPU
		Release|Any CPU = Release|Any CPU
	EndGlobalSection
	GlobalSection(ProjectConfigurationPlatforms) = postSolution
		{744AF0AB-045E-4877-B715-DB0488912B98}.Debug|Any CPU.ActiveCfg = Debug|Any CPU
		{744AF0AB-045E-4877-B715-DB0488912B98}.Debug|Any CPU.Build.0 = Debug|Any CPU
		{744AF0AB-045E-4877-B715-DB0488912B98}.Release|Any CPU.ActiveCfg = Release|Any CPU
		{744AF0AB-045E-4877-B715-DB0488912B98}.Release|Any CPU.Build.0 = Release|Any CPU
		{ED48DAA1-9BFE-4AD7-BA64-B87C5EC3B7CC}.Debug|Any CPU.ActiveCfg = Debug|Any CPU
		{ED48DAA1-9BFE-4AD7-BA64-B87C5EC3B7CC}.Debug|Any CPU.Build.0 = Debug|Any CPU
		{ED48DAA1-9BFE-4AD7-BA64-B87C5EC3B7CC}.Release|Any CPU.ActiveCfg = Release|Any CPU
		{ED48DAA1-9BFE-4AD7-BA64-B87C5EC3B7CC}.Release|Any CPU.Build.0 = Release|Any CPU
		{FAC24ADA-2830-4BB0-A48F-D44F8DA838AB}.Debug|Any CPU.ActiveCfg = Debug|Any CPU
		{FAC24ADA-2830-4BB0-A48F-D44F8DA838AB}.Debug|Any CPU.Build.0 = Debug|Any CPU
		{FAC24ADA-2830-4BB0-A48F-D44F8DA838AB}.Release|Any CPU.ActiveCfg = Release|Any CPU
		{FAC24ADA-2830-4BB0-A48F-D44F8DA838AB}.Release|Any CPU.Build.0 = Release|Any CPU
		{4FDA872F-9F91-42A0-8231-3273101DC607}.Debug|Any CPU.ActiveCfg = Debug|Any CPU
		{4FDA872F-9F91-42A0-8231-3273101DC607}.Debug|Any CPU.Build.0 = Debug|Any CPU
		{4FDA872F-9F91-42A0-8231-3273101DC607}.Release|Any CPU.ActiveCfg = Release|Any CPU
		{4FDA872F-9F91-42A0-8231-3273101DC607}.Release|Any CPU.Build.0 = Release|Any CPU
		{E9E08BE6-F305-4D42-B7F8-846E5FC849D1}.Debug|Any CPU.ActiveCfg = Debug|Any CPU
		{E9E08BE6-F305-4D42-B7F8-846E5FC849D1}.Debug|Any CPU.Build.0 = Debug|Any CPU
		{E9E08BE6-F305-4D42-B7F8-846E5FC849D1}.Release|Any CPU.ActiveCfg = Release|Any CPU
		{E9E08BE6-F305-4D42-B7F8-846E5FC849D1}.Release|Any CPU.Build.0 = Release|Any CPU
		{F551F476-392F-4C58-A45A-42B525B9CF3D}.Debug|Any CPU.ActiveCfg = Debug|Any CPU
		{F551F476-392F-4C58-A45A-42B525B9CF3D}.Debug|Any CPU.Build.0 = Debug|Any CPU
		{F551F476-392F-4C58-A45A-42B525B9CF3D}.Release|Any CPU.ActiveCfg = Release|Any CPU
		{F551F476-392F-4C58-A45A-42B525B9CF3D}.Release|Any CPU.Build.0 = Release|Any CPU
	EndGlobalSection
	GlobalSection(SolutionProperties) = preSolution
		HideSolutionNode = FALSE
	EndGlobalSection
EndGlobal
